
Microsoft Visual Studio Solution File, Format Version 12.00
# Visual Studio 2013
VisualStudioVersion = 12.0.31101.0
MinimumVisualStudioVersion = 10.0.40219.1
Project("{151D2E53-A2C4-4D7D-83FE-D05416EBD58E}") = "ARM-NewWindowsServerTemplate", "ARM-NewWindowsServerTemplate\ARM-NewWindowsServerTemplate.deployproj", "{6783E05F-0F66-4515-82C8-B019E40A51CF}"
EndProject
Global
	GlobalSection(SolutionConfigurationPlatforms) = preSolution
		Debug|Any CPU = Debug|Any CPU
		Release|Any CPU = Release|Any CPU
	EndGlobalSection
	GlobalSection(ProjectConfigurationPlatforms) = postSolution
		{6783E05F-0F66-4515-82C8-B019E40A51CF}.Debug|Any CPU.ActiveCfg = Debug|Any CPU
		{6783E05F-0F66-4515-82C8-B019E40A51CF}.Debug|Any CPU.Build.0 = Debug|Any CPU
		{6783E05F-0F66-4515-82C8-B019E40A51CF}.Release|Any CPU.ActiveCfg = Release|Any CPU
		{6783E05F-0F66-4515-82C8-B019E40A51CF}.Release|Any CPU.Build.0 = Release|Any CPU
	EndGlobalSection
	GlobalSection(SolutionProperties) = preSolution
		HideSolutionNode = FALSE
	EndGlobalSection
EndGlobal
